
Microsoft Visual Studio Solution File, Format Version 12.00
# Visual Studio 15
VisualStudioVersion = 15.0.28010.2041
MinimumVisualStudioVersion = 10.0.40219.1
Project("{2150E333-8FDC-42A3-9474-1A3956D46DE8}") = "tests", "tests", "{B75EEB82-F5CB-4B55-8D3A-7E54DC08AC49}"
EndProject
Project("{9A19103F-16F7-4668-BE54-9A1E7A4F7556}") = "CSA.Technology.Web.Api.Tests", "web.api.tests\CSA.Technology.Web.Api.Tests.csproj", "{7267062F-7FE9-4091-8EC0-9092C7C79402}"
EndProject
Project("{FAE04EC0-301F-11D3-BF4B-00C04F79EFBC}") = "CSA.Technology.Core", "CSA.Technology.Core\CSA.Technology.Core.csproj", "{463463A4-72BE-4578-86F2-D13DC3BCB2D2}"
EndProject
Project("{9A19103F-16F7-4668-BE54-9A1E7A4F7556}") = "CSA.Technology.Console", "CSA.Technology.Console\CSA.Technology.Console.csproj", "{62FB437A-E39A-4052-9D67-106F37DE0BBA}"
EndProject
Project("{9A19103F-16F7-4668-BE54-9A1E7A4F7556}") = "CSA.Technology.DAL", "CSA.Technology.DAL\CSA.Technology.DAL.csproj", "{0D9A1CC5-E4CA-4A34-9FC3-F88B8F887A94}"
EndProject
Project("{9A19103F-16F7-4668-BE54-9A1E7A4F7556}") = "CSA.Technology.Services", "CSA.Technology.Services\CSA.Technology.Services.csproj", "{F98044FF-9ECA-4BE5-9BD7-D9D13F6971A4}"
EndProject
Project("{9A19103F-16F7-4668-BE54-9A1E7A4F7556}") = "CSA.Technology.Web", "CSA.Technology.Web\CSA.Technology.Web.csproj", "{70080DA4-A810-48E4-9934-7B019FBF3385}"
EndProject
Project("{9A19103F-16F7-4668-BE54-9A1E7A4F7556}") = "CSA.Technology.Web.Api", "CSA.Technology.Web.Api\CSA.Technology.Web.Api.csproj", "{42745E0C-3E60-4846-8AA8-6A84ECD98B08}"
EndProject
Project("{9A19103F-16F7-4668-BE54-9A1E7A4F7556}") = "CSA.Technology.Utility", "CSA.Technology.Utility\CSA.Technology.Utility.csproj", "{F78BD04F-1E5C-4C29-A5A6-0F9D2B8B7573}"
EndProject
Global
	GlobalSection(SolutionConfigurationPlatforms) = preSolution
		Debug|Any CPU = Debug|Any CPU
		Release|Any CPU = Release|Any CPU
	EndGlobalSection
	GlobalSection(ProjectConfigurationPlatforms) = postSolution
		{7267062F-7FE9-4091-8EC0-9092C7C79402}.Debug|Any CPU.ActiveCfg = Debug|Any CPU
		{7267062F-7FE9-4091-8EC0-9092C7C79402}.Debug|Any CPU.Build.0 = Debug|Any CPU
		{7267062F-7FE9-4091-8EC0-9092C7C79402}.Release|Any CPU.ActiveCfg = Release|Any CPU
		{7267062F-7FE9-4091-8EC0-9092C7C79402}.Release|Any CPU.Build.0 = Release|Any CPU
		{463463A4-72BE-4578-86F2-D13DC3BCB2D2}.Debug|Any CPU.ActiveCfg = Debug|Any CPU
		{463463A4-72BE-4578-86F2-D13DC3BCB2D2}.Debug|Any CPU.Build.0 = Debug|Any CPU
		{463463A4-72BE-4578-86F2-D13DC3BCB2D2}.Release|Any CPU.ActiveCfg = Release|Any CPU
		{463463A4-72BE-4578-86F2-D13DC3BCB2D2}.Release|Any CPU.Build.0 = Release|Any CPU
		{62FB437A-E39A-4052-9D67-106F37DE0BBA}.Debug|Any CPU.ActiveCfg = Debug|Any CPU
		{62FB437A-E39A-4052-9D67-106F37DE0BBA}.Debug|Any CPU.Build.0 = Debug|Any CPU
		{62FB437A-E39A-4052-9D67-106F37DE0BBA}.Release|Any CPU.ActiveCfg = Release|Any CPU
		{62FB437A-E39A-4052-9D67-106F37DE0BBA}.Release|Any CPU.Build.0 = Release|Any CPU
		{0D9A1CC5-E4CA-4A34-9FC3-F88B8F887A94}.Debug|Any CPU.ActiveCfg = Debug|Any CPU
		{0D9A1CC5-E4CA-4A34-9FC3-F88B8F887A94}.Debug|Any CPU.Build.0 = Debug|Any CPU
		{0D9A1CC5-E4CA-4A34-9FC3-F88B8F887A94}.Release|Any CPU.ActiveCfg = Release|Any CPU
		{0D9A1CC5-E4CA-4A34-9FC3-F88B8F887A94}.Release|Any CPU.Build.0 = Release|Any CPU
		{F98044FF-9ECA-4BE5-9BD7-D9D13F6971A4}.Debug|Any CPU.ActiveCfg = Debug|Any CPU
		{F98044FF-9ECA-4BE5-9BD7-D9D13F6971A4}.Debug|Any CPU.Build.0 = Debug|Any CPU
		{F98044FF-9ECA-4BE5-9BD7-D9D13F6971A4}.Release|Any CPU.ActiveCfg = Release|Any CPU
		{F98044FF-9ECA-4BE5-9BD7-D9D13F6971A4}.Release|Any CPU.Build.0 = Release|Any CPU
		{70080DA4-A810-48E4-9934-7B019FBF3385}.Debug|Any CPU.ActiveCfg = Debug|Any CPU
		{70080DA4-A810-48E4-9934-7B019FBF3385}.Debug|Any CPU.Build.0 = Debug|Any CPU
		{70080DA4-A810-48E4-9934-7B019FBF3385}.Release|Any CPU.ActiveCfg = Release|Any CPU
		{70080DA4-A810-48E4-9934-7B019FBF3385}.Release|Any CPU.Build.0 = Release|Any CPU
		{42745E0C-3E60-4846-8AA8-6A84ECD98B08}.Debug|Any CPU.ActiveCfg = Debug|Any CPU
		{42745E0C-3E60-4846-8AA8-6A84ECD98B08}.Debug|Any CPU.Build.0 = Debug|Any CPU
		{42745E0C-3E60-4846-8AA8-6A84ECD98B08}.Release|Any CPU.ActiveCfg = Release|Any CPU
		{42745E0C-3E60-4846-8AA8-6A84ECD98B08}.Release|Any CPU.Build.0 = Release|Any CPU
		{F78BD04F-1E5C-4C29-A5A6-0F9D2B8B7573}.Debug|Any CPU.ActiveCfg = Debug|Any CPU
		{F78BD04F-1E5C-4C29-A5A6-0F9D2B8B7573}.Debug|Any CPU.Build.0 = Debug|Any CPU
		{F78BD04F-1E5C-4C29-A5A6-0F9D2B8B7573}.Release|Any CPU.ActiveCfg = Release|Any CPU
		{F78BD04F-1E5C-4C29-A5A6-0F9D2B8B7573}.Release|Any CPU.Build.0 = Release|Any CPU
	EndGlobalSection
	GlobalSection(SolutionProperties) = preSolution
		HideSolutionNode = FALSE
	EndGlobalSection
	GlobalSection(NestedProjects) = preSolution
		{7267062F-7FE9-4091-8EC0-9092C7C79402} = {B75EEB82-F5CB-4B55-8D3A-7E54DC08AC49}
	EndGlobalSection
	GlobalSection(ExtensibilityGlobals) = postSolution
		SolutionGuid = {8B9587D8-5233-421D-B641-C0708F6FD9F9}
	EndGlobalSection
EndGlobal
